{
  "version": 4,
  "terraform_version": "1.3.4",
  "serial": 163,
  "lineage": "ca85ecc2-9e52-7532-52a6-53dd22943b96",
  "outputs": {
    "kubernetes_cluster_host": {
      "value": "35.204.78.230",
      "type": "string"
    },
    "kubernetes_cluster_name": {
      "value": "calm-analogy-345416-gke",
      "type": "string"
    },
    "project_id": {
      "value": "calm-analogy-345416",
      "type": "string"
    },
    "region": {
      "value": "europe-west4",
      "type": "string"
    },
    "zone": {
      "value": "europe-west4-a",
      "type": "string"
    }
  },
  "resources": [
    {
      "mode": "managed",
      "type": "google_compute_network",
      "name": "vpc",
      "provider": "provider[\"registry.terraform.io/hashicorp/google\"]",
      "instances": [
        {
          "schema_version": 0,
          "attributes": {
            "auto_create_subnetworks": false,
            "delete_default_routes_on_create": false,
            "description": "",
            "enable_ula_internal_ipv6": false,
            "gateway_ipv4": "",
            "id": "projects/calm-analogy-345416/global/networks/calm-analogy-345416-vpc",
            "internal_ipv6_range": "",
            "mtu": 0,
            "name": "calm-analogy-345416-vpc",
            "project": "calm-analogy-345416",
            "routing_mode": "REGIONAL",
            "self_link": "https://www.googleapis.com/compute/v1/projects/calm-analogy-345416/global/networks/calm-analogy-345416-vpc",
            "timeouts": null
          },
          "sensitive_attributes": [],
          "private": "eyJlMmJmYjczMC1lY2FhLTExZTYtOGY4OC0zNDM2M2JjN2M0YzAiOnsiY3JlYXRlIjoxMjAwMDAwMDAwMDAwLCJkZWxldGUiOjEyMDAwMDAwMDAwMDAsInVwZGF0ZSI6MTIwMDAwMDAwMDAwMH19"
        }
      ]
    },
    {
      "mode": "managed",
      "type": "google_compute_subnetwork",
      "name": "subnet",
      "provider": "provider[\"registry.terraform.io/hashicorp/google\"]",
      "instances": [
        {
          "schema_version": 0,
          "attributes": {
            "creation_timestamp": "2023-01-12T11:52:47.565-08:00",
            "description": "",
            "external_ipv6_prefix": "",
            "fingerprint": null,
            "gateway_address": "10.10.0.1",
            "id": "projects/calm-analogy-345416/regions/europe-west4/subnetworks/calm-analogy-345416-subnet",
            "ip_cidr_range": "10.10.0.0/24",
            "ipv6_access_type": "",
            "ipv6_cidr_range": "",
            "log_config": [],
            "name": "calm-analogy-345416-subnet",
            "network": "https://www.googleapis.com/compute/v1/projects/calm-analogy-345416/global/networks/calm-analogy-345416-vpc",
            "private_ip_google_access": false,
            "private_ipv6_google_access": "DISABLE_GOOGLE_ACCESS",
            "project": "calm-analogy-345416",
            "purpose": "PRIVATE",
            "region": "europe-west4",
            "role": "",
            "secondary_ip_range": [],
            "self_link": "https://www.googleapis.com/compute/v1/projects/calm-analogy-345416/regions/europe-west4/subnetworks/calm-analogy-345416-subnet",
            "stack_type": "IPV4_ONLY",
            "timeouts": null
          },
          "sensitive_attributes": [],
          "private": "eyJlMmJmYjczMC1lY2FhLTExZTYtOGY4OC0zNDM2M2JjN2M0YzAiOnsiY3JlYXRlIjoxMjAwMDAwMDAwMDAwLCJkZWxldGUiOjEyMDAwMDAwMDAwMDAsInVwZGF0ZSI6MTIwMDAwMDAwMDAwMH19",
          "dependencies": [
            "google_compute_network.vpc"
          ]
        }
      ]
    },
    {
      "mode": "managed",
      "type": "google_container_cluster",
      "name": "primary",
      "provider": "provider[\"registry.terraform.io/hashicorp/google\"]",
      "instances": [
        {
          "schema_version": 1,
          "attributes": {
            "addons_config": [
              {
                "cloudrun_config": [],
                "gcp_filestore_csi_driver_config": [],
                "horizontal_pod_autoscaling": [],
                "http_load_balancing": [],
                "network_policy_config": [
                  {
                    "disabled": true
                  }
                ]
              }
            ],
            "authenticator_groups_config": [],
            "cluster_autoscaling": [
              {
                "auto_provisioning_defaults": [],
                "enabled": false,
                "resource_limits": []
              }
            ],
            "cluster_ipv4_cidr": "10.212.0.0/14",
            "confidential_nodes": [],
            "database_encryption": [
              {
                "key_name": "",
                "state": "DECRYPTED"
              }
            ],
            "datapath_provider": "",
            "default_max_pods_per_node": null,
            "default_snat_status": [
              {
                "disabled": false
              }
            ],
            "description": "",
            "dns_config": [],
            "enable_autopilot": false,
            "enable_binary_authorization": false,
            "enable_intranode_visibility": false,
            "enable_kubernetes_alpha": false,
            "enable_legacy_abac": false,
            "enable_shielded_nodes": true,
            "enable_tpu": false,
            "endpoint": "35.204.78.230",
            "id": "projects/calm-analogy-345416/locations/europe-west4-a/clusters/calm-analogy-345416-gke",
            "initial_node_count": 3,
            "ip_allocation_policy": [],
            "label_fingerprint": "a9dc16a7",
            "location": "europe-west4-a",
            "logging_config": [
              {
                "enable_components": [
                  "SYSTEM_COMPONENTS",
                  "WORKLOADS"
                ]
              }
            ],
            "logging_service": "logging.googleapis.com/kubernetes",
            "maintenance_policy": [],
            "master_auth": [
              {
                "client_certificate": "",
                "client_certificate_config": [
                  {
                    "issue_client_certificate": false
                  }
                ],
                "client_key": "",
                "cluster_ca_certificate": "LS0tLS1CRUdJTiBDRVJUSUZJQ0FURS0tLS0tCk1JSUVMRENDQXBTZ0F3SUJBZ0lRYXpaV0FpNk1Sak14WVVxY2pMdndpakFOQmdrcWhraUc5dzBCQVFzRkFEQXYKTVMwd0t3WURWUVFERXlSak9HSmxaalEyTUMwNFpEZzNMVFE1TmpNdFlUWXpaaTAyTkRSak0yUXdNV1l6WXpZdwpJQmNOTWpNd01URXlNVGcxTXpBNFdoZ1BNakExTXpBeE1EUXhPVFV6TURoYU1DOHhMVEFyQmdOVkJBTVRKR000ClltVm1ORFl3TFRoa09EY3RORGsyTXkxaE5qTm1MVFkwTkdNelpEQXhaak5qTmpDQ0FhSXdEUVlKS29aSWh2Y04KQVFFQkJRQURnZ0dQQURDQ0FZb0NnZ0dCQUsxMHFvNEF5YlFITmlnQ1NFR3lkdnc0cHV4cEtSUjlNRFl1cFJWOApQdThvbHpIeWJMdGE1S0hwZzN6L1RNWUl5TWtFOXhZNkUyQjZlNzRGcG9XQ3JYQkxYeS9WZUhHZUgvSlJxSnBCCkhNbFRvWHlNaWdNa01iZWJ6bDJ3SG5LeElGK0N4ZFlKUjdmSTl0OXZONUdXR2cvbU1rMElwL1c5ZUp5SG9lMVAKM3UzY1lCVE4rdW13NHlNdGRzV2RWbytrZnYzTHZOSWl3bXVTTU5TVWxqR0lOWmo0a25jMTJncXFicmp0S0J4VwpYdkVQVjRteUxCaWlVeUt3Ym5FTlE0U1RoTWozNVk1Uyt5SlZ6Yk0xdVJXOURiZGFpd1R3bkZ2WVgwZFAwTUppClRLMUduU1pUWUhSNjRLam1HMHk1TS9xTXRGd2VSelFPTzdxZkJOeC9RTmE5cnNwdE44VWJVQUMzUFNJbVdJeWIKcmx3MmxFdmxDbkdOSFB3Vm1RalZCdlhjckt5b010bllLdW9JSmROdHovanBlMFVWWHNEWGY4VVUrRnp2aWp5dQp1NDdJVklKMGgxbndnVVFtRy9VN1VpcFlMbHE2eU84alRxSGxoU0RsZ0ZYNUtpWWJGVENOOGI5UFpWMFpzN0VUCnNlL3VHTk9IZE9zbldEL1dxTXovQmgxUjN3SURBUUFCbzBJd1FEQU9CZ05WSFE4QkFmOEVCQU1DQWdRd0R3WUQKVlIwVEFRSC9CQVV3QXdFQi96QWRCZ05WSFE0RUZnUVVoNFJ5ekxuOG9PcFJJWm9rL0MvNTJMcGhXdzB3RFFZSgpLb1pJaHZjTkFRRUxCUUFEZ2dHQkFCM2NZbVFSTTFBN0NMSFdKZkwxc1JDUVFGY3dwZTdpRFZnNEt0R3dISlJXCm00b0pHVHNWcU5kajRBaEYwRld4Qmx3WVpMWk5nUTJ5TXdTb1FIRTdJNzBZRDlBMWxiNGVWTGpBSGIxTmRleDgKcWFNZFhab3FNSEFGUXBiR0hKUlhaNGh3aTZaekwxYVg5WGlJbitORkc4eUE0cXNGSHZMM2R5NmFvZ2ZISWJUTQpLN2ZONE5ERlI2YWI4U0VxVGVqUWRyR1UxRUVSNXFPMHJnVURyUTY3MUdTUW1mdDlwejZXY3VHTTUxeGtZZldGCnkyOVMvb3ZvTjBWRVpTSEVaTFZwYkI2QWkxa2VCbHloci9xSVRYV1ozWTZsOTJMMW1GRUJ1MERWdzZrNFQ2VmwKVmFldStsMGlhUEphQnNYU2pLTFdRL09xUXd1cnA0cE9EWVV0dTViYzZNNkZwRnZFdjVWQUswNUl0QTNXVTJmcgpQTUpjRmJnSEVIaXl4RkdDb0phblAzcU9jOGJybGlVR0pxQTVTa1FpczV1TGhhT3ZMMFdKTTVjOFBRLzlvakF4CjdYOWdUQ21Dcnl3TXBWNHpNeEJtRDR2dFY4Q0c1aTl2dm1mWHZSNGIwbzZ6bU9oTVp4UERtMk16UnMrTy96MXkKeW14ZXVNOFlLMXovczlzRWlCSkV6Zz09Ci0tLS0tRU5EIENFUlRJRklDQVRFLS0tLS0K"
              }
            ],
            "master_authorized_networks_config": [],
            "master_version": "1.24.7-gke.900",
            "min_master_version": null,
            "monitoring_config": [
              {
                "enable_components": [
                  "SYSTEM_COMPONENTS"
                ]
              }
            ],
            "monitoring_service": "monitoring.googleapis.com/kubernetes",
            "name": "calm-analogy-345416-gke",
            "network": "projects/calm-analogy-345416/global/networks/calm-analogy-345416-vpc",
            "network_policy": [
              {
                "enabled": false,
                "provider": "PROVIDER_UNSPECIFIED"
              }
            ],
            "networking_mode": "ROUTES",
            "node_config": [
              {
                "boot_disk_kms_key": "",
                "disk_size_gb": 10,
                "disk_type": "pd-balanced",
                "gcfs_config": [],
                "guest_accelerator": [],
                "gvnic": [],
                "image_type": "COS_CONTAINERD",
                "labels": {
                  "env": "calm-analogy-345416"
                },
                "local_ssd_count": 0,
                "machine_type": "n1-standard-2",
                "metadata": {
                  "disable-legacy-endpoints": "true"
                },
                "min_cpu_platform": "",
                "node_group": "",
                "oauth_scopes": [
                  "https://www.googleapis.com/auth/logging.write",
                  "https://www.googleapis.com/auth/monitoring"
                ],
                "preemptible": true,
                "service_account": "default",
                "shielded_instance_config": [
                  {
                    "enable_integrity_monitoring": true,
                    "enable_secure_boot": false
                  }
                ],
                "spot": false,
                "tags": [
                  "gke-node",
                  "calm-analogy-345416-gke"
                ],
                "taint": [],
                "workload_metadata_config": []
              }
            ],
            "node_locations": [],
            "node_pool": [
              {
                "autoscaling": [],
                "initial_node_count": 3,
                "instance_group_urls": [
                  "https://www.googleapis.com/compute/v1/projects/calm-analogy-345416/zones/europe-west4-a/instanceGroupManagers/gke-calm-analogy-345416--default-pool-e9f74c7c-grp"
                ],
                "managed_instance_group_urls": [
                  "https://www.googleapis.com/compute/v1/projects/calm-analogy-345416/zones/europe-west4-a/instanceGroups/gke-calm-analogy-345416--default-pool-e9f74c7c-grp"
                ],
                "management": [
                  {
                    "auto_repair": true,
                    "auto_upgrade": true
                  }
                ],
                "max_pods_per_node": 0,
                "name": "default-pool",
                "name_prefix": "",
                "node_config": [
                  {
                    "boot_disk_kms_key": "",
                    "disk_size_gb": 10,
                    "disk_type": "pd-balanced",
                    "gcfs_config": [],
                    "guest_accelerator": [],
                    "gvnic": [],
                    "image_type": "COS_CONTAINERD",
                    "labels": {
                      "env": "calm-analogy-345416"
                    },
                    "local_ssd_count": 0,
                    "machine_type": "n1-standard-2",
                    "metadata": {
                      "disable-legacy-endpoints": "true"
                    },
                    "min_cpu_platform": "",
                    "node_group": "",
                    "oauth_scopes": [
                      "https://www.googleapis.com/auth/logging.write",
                      "https://www.googleapis.com/auth/monitoring"
                    ],
                    "preemptible": true,
                    "service_account": "default",
                    "shielded_instance_config": [
                      {
                        "enable_integrity_monitoring": true,
                        "enable_secure_boot": false
                      }
                    ],
                    "spot": false,
                    "tags": [
                      "gke-node",
                      "calm-analogy-345416-gke"
                    ],
                    "taint": [],
                    "workload_metadata_config": []
                  }
                ],
                "node_count": 3,
                "node_locations": [
                  "europe-west4-a"
                ],
                "upgrade_settings": [
                  {
                    "max_surge": 1,
                    "max_unavailable": 0
                  }
                ],
                "version": "1.24.7-gke.900"
              }
            ],
            "node_version": "1.24.7-gke.900",
            "operation": null,
            "private_cluster_config": [
              {
                "enable_private_endpoint": false,
                "enable_private_nodes": false,
                "master_global_access_config": [
                  {
                    "enabled": false
                  }
                ],
                "master_ipv4_cidr_block": "",
                "peering_name": "",
                "private_endpoint": "10.10.0.2",
                "public_endpoint": "35.204.78.230"
              }
            ],
            "private_ipv6_google_access": "",
            "project": "calm-analogy-345416",
            "release_channel": [
              {
                "channel": "REGULAR"
              }
            ],
            "remove_default_node_pool": null,
            "resource_labels": null,
            "resource_usage_export_config": [],
            "self_link": "https://container.googleapis.com/v1/projects/calm-analogy-345416/zones/europe-west4-a/clusters/calm-analogy-345416-gke",
            "services_ipv4_cidr": "10.215.240.0/20",
            "subnetwork": "projects/calm-analogy-345416/regions/europe-west4/subnetworks/calm-analogy-345416-subnet",
            "timeouts": null,
            "tpu_ipv4_cidr_block": "",
            "vertical_pod_autoscaling": [],
            "workload_identity_config": []
          },
          "sensitive_attributes": [],
          "private": "eyJlMmJmYjczMC1lY2FhLTExZTYtOGY4OC0zNDM2M2JjN2M0YzAiOnsiY3JlYXRlIjoyNDAwMDAwMDAwMDAwLCJkZWxldGUiOjI0MDAwMDAwMDAwMDAsInJlYWQiOjI0MDAwMDAwMDAwMDAsInVwZGF0ZSI6MzYwMDAwMDAwMDAwMH0sInNjaGVtYV92ZXJzaW9uIjoiMSJ9",
          "dependencies": [
            "google_compute_network.vpc",
            "google_compute_subnetwork.subnet"
          ]
        }
      ]
    }
  ],
  "check_results": null
}
