{
  "version": 4,
  "terraform_version": "1.3.4",
  "serial": 7,
  "lineage": "ca85ecc2-9e52-7532-52a6-53dd22943b96",
  "outputs": {
    "kubernetes_cluster_host": {
      "value": "34.91.127.144",
      "type": "string"
    },
    "kubernetes_cluster_name": {
      "value": "calm-analogy-345416-gke",
      "type": "string"
    },
    "project_id": {
      "value": "calm-analogy-345416",
      "type": "string"
    },
    "region": {
      "value": "europe-west4",
      "type": "string"
    },
    "zone": {
      "value": "europe-west4-a",
      "type": "string"
    }
  },
  "resources": [
    {
      "mode": "managed",
      "type": "google_compute_network",
      "name": "vpc",
      "provider": "provider[\"registry.terraform.io/hashicorp/google\"]",
      "instances": [
        {
          "schema_version": 0,
          "attributes": {
            "auto_create_subnetworks": false,
            "delete_default_routes_on_create": false,
            "description": "",
            "enable_ula_internal_ipv6": false,
            "gateway_ipv4": "",
            "id": "projects/calm-analogy-345416/global/networks/calm-analogy-345416-vpc",
            "internal_ipv6_range": "",
            "mtu": 0,
            "name": "calm-analogy-345416-vpc",
            "project": "calm-analogy-345416",
            "routing_mode": "REGIONAL",
            "self_link": "https://www.googleapis.com/compute/v1/projects/calm-analogy-345416/global/networks/calm-analogy-345416-vpc",
            "timeouts": null
          },
          "sensitive_attributes": [],
          "private": "eyJlMmJmYjczMC1lY2FhLTExZTYtOGY4OC0zNDM2M2JjN2M0YzAiOnsiY3JlYXRlIjoxMjAwMDAwMDAwMDAwLCJkZWxldGUiOjEyMDAwMDAwMDAwMDAsInVwZGF0ZSI6MTIwMDAwMDAwMDAwMH19"
        }
      ]
    },
    {
      "mode": "managed",
      "type": "google_compute_subnetwork",
      "name": "subnet",
      "provider": "provider[\"registry.terraform.io/hashicorp/google\"]",
      "instances": [
        {
          "schema_version": 0,
          "attributes": {
            "creation_timestamp": "2022-11-29T14:03:24.058-08:00",
            "description": "",
            "external_ipv6_prefix": "",
            "fingerprint": null,
            "gateway_address": "10.10.0.1",
            "id": "projects/calm-analogy-345416/regions/europe-west4/subnetworks/calm-analogy-345416-subnet",
            "ip_cidr_range": "10.10.0.0/24",
            "ipv6_access_type": "",
            "ipv6_cidr_range": "",
            "log_config": [],
            "name": "calm-analogy-345416-subnet",
            "network": "https://www.googleapis.com/compute/v1/projects/calm-analogy-345416/global/networks/calm-analogy-345416-vpc",
            "private_ip_google_access": false,
            "private_ipv6_google_access": "DISABLE_GOOGLE_ACCESS",
            "project": "calm-analogy-345416",
            "purpose": "PRIVATE",
            "region": "europe-west4",
            "role": "",
            "secondary_ip_range": [],
            "self_link": "https://www.googleapis.com/compute/v1/projects/calm-analogy-345416/regions/europe-west4/subnetworks/calm-analogy-345416-subnet",
            "stack_type": "IPV4_ONLY",
            "timeouts": null
          },
          "sensitive_attributes": [],
          "private": "eyJlMmJmYjczMC1lY2FhLTExZTYtOGY4OC0zNDM2M2JjN2M0YzAiOnsiY3JlYXRlIjoxMjAwMDAwMDAwMDAwLCJkZWxldGUiOjEyMDAwMDAwMDAwMDAsInVwZGF0ZSI6MTIwMDAwMDAwMDAwMH19",
          "dependencies": [
            "google_compute_network.vpc"
          ]
        }
      ]
    },
    {
      "mode": "managed",
      "type": "google_container_cluster",
      "name": "primary",
      "provider": "provider[\"registry.terraform.io/hashicorp/google\"]",
      "instances": [
        {
          "schema_version": 1,
          "attributes": {
            "addons_config": [
              {
                "cloudrun_config": [],
                "gcp_filestore_csi_driver_config": [],
                "horizontal_pod_autoscaling": [],
                "http_load_balancing": [],
                "network_policy_config": [
                  {
                    "disabled": true
                  }
                ]
              }
            ],
            "authenticator_groups_config": [],
            "cluster_autoscaling": [
              {
                "auto_provisioning_defaults": [],
                "enabled": false,
                "resource_limits": []
              }
            ],
            "cluster_ipv4_cidr": "10.212.0.0/14",
            "confidential_nodes": [],
            "database_encryption": [
              {
                "key_name": "",
                "state": "DECRYPTED"
              }
            ],
            "datapath_provider": "",
            "default_max_pods_per_node": null,
            "default_snat_status": [
              {
                "disabled": false
              }
            ],
            "description": "",
            "dns_config": [],
            "enable_autopilot": false,
            "enable_binary_authorization": false,
            "enable_intranode_visibility": false,
            "enable_kubernetes_alpha": false,
            "enable_legacy_abac": false,
            "enable_shielded_nodes": true,
            "enable_tpu": false,
            "endpoint": "34.91.127.144",
            "id": "projects/calm-analogy-345416/locations/europe-west4-a/clusters/calm-analogy-345416-gke",
            "initial_node_count": 3,
            "ip_allocation_policy": [],
            "label_fingerprint": "a9dc16a7",
            "location": "europe-west4-a",
            "logging_config": [
              {
                "enable_components": [
                  "SYSTEM_COMPONENTS",
                  "WORKLOADS"
                ]
              }
            ],
            "logging_service": "logging.googleapis.com/kubernetes",
            "maintenance_policy": [],
            "master_auth": [
              {
                "client_certificate": "",
                "client_certificate_config": [
                  {
                    "issue_client_certificate": false
                  }
                ],
                "client_key": "",
                "cluster_ca_certificate": "LS0tLS1CRUdJTiBDRVJUSUZJQ0FURS0tLS0tCk1JSUVMVENDQXBXZ0F3SUJBZ0lSQVBkenBpOWdZV0o1MkRsU1cwUjA1M1l3RFFZSktvWklodmNOQVFFTEJRQXcKTHpFdE1Dc0dBMVVFQXhNa01HUmpNREF3TkRrdE5EZzJOQzAwTjJaa0xXRXdNMk10TmpKak16QXdNakJoTmpRNApNQ0FYRFRJeU1URXlPVEl4TVRZMU5Gb1lEekl3TlRJeE1USXhNakl4TmpVMFdqQXZNUzB3S3dZRFZRUURFeVF3ClpHTXdNREEwT1MwME9EWTBMVFEzWm1RdFlUQXpZeTAyTW1Nek1EQXlNR0UyTkRnd2dnR2lNQTBHQ1NxR1NJYjMKRFFFQkFRVUFBNElCandBd2dnR0tBb0lCZ1FDclZ4TklDRXEzdDVnRERickFVK205RjVJRWJGMEROdmozTFk1UAo2R3BGY0MrZEg3Z1IzWFFic3pFSVY4QTUwb1ZsRHp3bUxJaHF2SlBkNGdhQ2wwd2NvN21saC9rMnM0N1haS0tsCmpyUGp3cjhsU3FUSjFrK01XWnIxVTF2aEd4NXZpckhVVUxPR1JDU3NSaDFYU1QwUEx4Um1aMjdRdG9vQWt2SGoKODFWSjZZb2pJRFMzano3a0hITGl3Z2JpWHRDcEU5VmFHaWdyVEI5T3A3WEdKVW5vTUFOZC9BRmtZVXhwbWJ3MApvWHBwYVNmRGR1RGRqNTlFYXgySVlQN3VRQUxUdVAwcEV1QVRpWFladVhUMmNhT0RNQkRaaTBWZ0J6emVHV0d1CkdmSzBrd3d1NDVPMUpQY09kYktyVDhnMWRpSWVlN0gyQVpxQXRVYjVsRnI4MDlRQVhoYVpnWEYzdnNDMnhvM3cKNVdKLy9pZmhsVUwrMWVONXZZaThCcUhOKytXczNFbVhYTXlkVkZ1NkdMWFM5Y1U0OHNnN1JvOGdUckpUMmREVwpBcUsvQzdTTXd3d0UrVkFVY1I1NTlIU1hPd0YxUTNJcVJ1SUtYbjFvSVFYNmpwTk1SdlF4dG1sMVEwVml3a1FECmhEbzVRdFBhbWVCdjlNWEtsMFFLTDhQRWlUY0NBd0VBQWFOQ01FQXdEZ1lEVlIwUEFRSC9CQVFEQWdJRU1BOEcKQTFVZEV3RUIvd1FGTUFNQkFmOHdIUVlEVlIwT0JCWUVGSWVsYXNsc0tlQkl4eWFFWnk3VTN0RDV6TWNvTUEwRwpDU3FHU0liM0RRRUJDd1VBQTRJQmdRQ21sL3BNOUZadCt1YXJUdEFqeng4bGFhb1hTV0lPWUZFOGlBS1pFNmF0CjY4Wkt4MExxTVpoQXNxVVVsNXpmcUNKRithb3VtVDgxZHJGa2pEVWxnbU1xUzBEei9nREczcldtSG5GQS9HM04KL0o2NVdrcDVrZzVXZUw5Vnd1V0VoZDBWdWRRbEprMVlEY01FVFhYUFNYMHAzM0EzSEtQWkpLVkxFYVBGU29uNwppdTNNU0x4U2FNNGg3Vko4VDEzbThuN1dDLzdubVBmQ1BzKzM2bGNqVVp6dTB5MXVub055dHJ3Z3NKUUtnOWNhCi9UaE1NU3NySEZQZFJ4bmc2V0VReTM3QVlMZUR4NWdocTBqUmJ3RnZJMVQ0N2lLZEZPV2Y2V2gvNXF3SkpZOU8KSXlOdCtNRVlpbW8vZVNTZCtpMGYzSGJtMkhnR2lUOHlFTk94TVVLcXFad1U0OFpyMVZRL25YUkFRSVVxeG9nbQoweWRZeUtYQWFidjIyOWJaRGQvYytXL0xJQjA0QU5lV2prVVBlUVc3UkJVcHpyYUlCUTdET0xWZjBHSUxOYnZBCkN0Y2YvRVN1U0ppdW91VGpmOENjR3dxZWl3bUhLckRzNExQcG1QNkdwUlgrN25GNzhYb3BpV1VBN3EraTUyckIKemQ4K055QncwNVBOTmpVd0ZCNVRZYVE9Ci0tLS0tRU5EIENFUlRJRklDQVRFLS0tLS0K"
              }
            ],
            "master_authorized_networks_config": [],
            "master_version": "1.23.12-gke.100",
            "min_master_version": null,
            "monitoring_config": [
              {
                "enable_components": [
                  "SYSTEM_COMPONENTS"
                ]
              }
            ],
            "monitoring_service": "monitoring.googleapis.com/kubernetes",
            "name": "calm-analogy-345416-gke",
            "network": "projects/calm-analogy-345416/global/networks/calm-analogy-345416-vpc",
            "network_policy": [
              {
                "enabled": false,
                "provider": "PROVIDER_UNSPECIFIED"
              }
            ],
            "networking_mode": "ROUTES",
            "node_config": [
              {
                "boot_disk_kms_key": "",
                "disk_size_gb": 100,
                "disk_type": "pd-standard",
                "gcfs_config": [],
                "guest_accelerator": [],
                "gvnic": [],
                "image_type": "COS_CONTAINERD",
                "labels": {
                  "env": "calm-analogy-345416"
                },
                "local_ssd_count": 0,
                "machine_type": "n1-standard-1",
                "metadata": {
                  "disable-legacy-endpoints": "true"
                },
                "min_cpu_platform": "",
                "node_group": "",
                "oauth_scopes": [
                  "https://www.googleapis.com/auth/logging.write",
                  "https://www.googleapis.com/auth/monitoring"
                ],
                "preemptible": true,
                "service_account": "default",
                "shielded_instance_config": [
                  {
                    "enable_integrity_monitoring": true,
                    "enable_secure_boot": false
                  }
                ],
                "spot": false,
                "tags": [
                  "gke-node",
                  "calm-analogy-345416-gke"
                ],
                "taint": [],
                "workload_metadata_config": []
              }
            ],
            "node_locations": [],
            "node_pool": [
              {
                "autoscaling": [],
                "initial_node_count": 3,
                "instance_group_urls": [
                  "https://www.googleapis.com/compute/v1/projects/calm-analogy-345416/zones/europe-west4-a/instanceGroupManagers/gke-calm-analogy-345416--default-pool-6d47573f-grp"
                ],
                "managed_instance_group_urls": [
                  "https://www.googleapis.com/compute/v1/projects/calm-analogy-345416/zones/europe-west4-a/instanceGroups/gke-calm-analogy-345416--default-pool-6d47573f-grp"
                ],
                "management": [
                  {
                    "auto_repair": true,
                    "auto_upgrade": true
                  }
                ],
                "max_pods_per_node": 0,
                "name": "default-pool",
                "name_prefix": "",
                "node_config": [
                  {
                    "boot_disk_kms_key": "",
                    "disk_size_gb": 100,
                    "disk_type": "pd-standard",
                    "gcfs_config": [],
                    "guest_accelerator": [],
                    "gvnic": [],
                    "image_type": "COS_CONTAINERD",
                    "labels": {
                      "env": "calm-analogy-345416"
                    },
                    "local_ssd_count": 0,
                    "machine_type": "n1-standard-1",
                    "metadata": {
                      "disable-legacy-endpoints": "true"
                    },
                    "min_cpu_platform": "",
                    "node_group": "",
                    "oauth_scopes": [
                      "https://www.googleapis.com/auth/logging.write",
                      "https://www.googleapis.com/auth/monitoring"
                    ],
                    "preemptible": true,
                    "service_account": "default",
                    "shielded_instance_config": [
                      {
                        "enable_integrity_monitoring": true,
                        "enable_secure_boot": false
                      }
                    ],
                    "spot": false,
                    "tags": [
                      "gke-node",
                      "calm-analogy-345416-gke"
                    ],
                    "taint": [],
                    "workload_metadata_config": []
                  }
                ],
                "node_count": 3,
                "node_locations": [
                  "europe-west4-a"
                ],
                "upgrade_settings": [
                  {
                    "max_surge": 1,
                    "max_unavailable": 0
                  }
                ],
                "version": "1.23.12-gke.100"
              }
            ],
            "node_version": "1.23.12-gke.100",
            "operation": null,
            "private_cluster_config": [
              {
                "enable_private_endpoint": false,
                "enable_private_nodes": false,
                "master_global_access_config": [
                  {
                    "enabled": false
                  }
                ],
                "master_ipv4_cidr_block": "",
                "peering_name": "",
                "private_endpoint": "10.10.0.2",
                "public_endpoint": "34.91.127.144"
              }
            ],
            "private_ipv6_google_access": "",
            "project": "calm-analogy-345416",
            "release_channel": [
              {
                "channel": "REGULAR"
              }
            ],
            "remove_default_node_pool": null,
            "resource_labels": null,
            "resource_usage_export_config": [],
            "self_link": "https://container.googleapis.com/v1/projects/calm-analogy-345416/zones/europe-west4-a/clusters/calm-analogy-345416-gke",
            "services_ipv4_cidr": "10.215.240.0/20",
            "subnetwork": "projects/calm-analogy-345416/regions/europe-west4/subnetworks/calm-analogy-345416-subnet",
            "timeouts": null,
            "tpu_ipv4_cidr_block": "",
            "vertical_pod_autoscaling": [],
            "workload_identity_config": []
          },
          "sensitive_attributes": [],
          "private": "eyJlMmJmYjczMC1lY2FhLTExZTYtOGY4OC0zNDM2M2JjN2M0YzAiOnsiY3JlYXRlIjoyNDAwMDAwMDAwMDAwLCJkZWxldGUiOjI0MDAwMDAwMDAwMDAsInJlYWQiOjI0MDAwMDAwMDAwMDAsInVwZGF0ZSI6MzYwMDAwMDAwMDAwMH0sInNjaGVtYV92ZXJzaW9uIjoiMSJ9",
          "dependencies": [
            "google_compute_network.vpc",
            "google_compute_subnetwork.subnet"
          ]
        }
      ]
    }
  ],
  "check_results": null
}
